
Microsoft Visual Studio Solution File, Format Version 12.00
# Visual Studio Version 17
VisualStudioVersion = 17.6.33801.468
MinimumVisualStudioVersion = 10.0.40219.1
Project("{FAE04EC0-301F-11D3-BF4B-00C04F79EFBC}") = "DesignPatterns.Presentation", "DesignPatterns.Presentation\DesignPatterns.Presentation.csproj", "{E5C42BF3-8DA1-47AE-8B0C-B3C8594D9C09}"
EndProject
Project("{FAE04EC0-301F-11D3-BF4B-00C04F79EFBC}") = "DesignPatterns.Application", "DesignPatterns.Application\DesignPatterns.Application.csproj", "{FE584344-1B4C-4EBB-82DA-509E9B119F18}"
EndProject
Project("{FAE04EC0-301F-11D3-BF4B-00C04F79EFBC}") = "DesignPatterns.Domain", "DesignPatterns.Domain\DesignPatterns.Domain.csproj", "{9AC15669-B42A-43F8-9149-032DB2764A83}"
EndProject
Project("{FAE04EC0-301F-11D3-BF4B-00C04F79EFBC}") = "DesignPatterns.Infrastructure", "DesignPatterns.Infrastructure\DesignPatterns.Infrastructure.csproj", "{B4FDAFE8-CB2A-49D6-8197-BDA33639933E}"
EndProject
Global
	GlobalSection(SolutionConfigurationPlatforms) = preSolution
		Debug|Any CPU = Debug|Any CPU
		Release|Any CPU = Release|Any CPU
	EndGlobalSection
	GlobalSection(ProjectConfigurationPlatforms) = postSolution
		{E5C42BF3-8DA1-47AE-8B0C-B3C8594D9C09}.Debug|Any CPU.ActiveCfg = Debug|Any CPU
		{E5C42BF3-8DA1-47AE-8B0C-B3C8594D9C09}.Debug|Any CPU.Build.0 = Debug|Any CPU
		{E5C42BF3-8DA1-47AE-8B0C-B3C8594D9C09}.Release|Any CPU.ActiveCfg = Release|Any CPU
		{E5C42BF3-8DA1-47AE-8B0C-B3C8594D9C09}.Release|Any CPU.Build.0 = Release|Any CPU
		{FE584344-1B4C-4EBB-82DA-509E9B119F18}.Debug|Any CPU.ActiveCfg = Debug|Any CPU
		{FE584344-1B4C-4EBB-82DA-509E9B119F18}.Debug|Any CPU.Build.0 = Debug|Any CPU
		{FE584344-1B4C-4EBB-82DA-509E9B119F18}.Release|Any CPU.ActiveCfg = Release|Any CPU
		{FE584344-1B4C-4EBB-82DA-509E9B119F18}.Release|Any CPU.Build.0 = Release|Any CPU
		{9AC15669-B42A-43F8-9149-032DB2764A83}.Debug|Any CPU.ActiveCfg = Debug|Any CPU
		{9AC15669-B42A-43F8-9149-032DB2764A83}.Debug|Any CPU.Build.0 = Debug|Any CPU
		{9AC15669-B42A-43F8-9149-032DB2764A83}.Release|Any CPU.ActiveCfg = Release|Any CPU
		{9AC15669-B42A-43F8-9149-032DB2764A83}.Release|Any CPU.Build.0 = Release|Any CPU
		{B4FDAFE8-CB2A-49D6-8197-BDA33639933E}.Debug|Any CPU.ActiveCfg = Debug|Any CPU
		{B4FDAFE8-CB2A-49D6-8197-BDA33639933E}.Debug|Any CPU.Build.0 = Debug|Any CPU
		{B4FDAFE8-CB2A-49D6-8197-BDA33639933E}.Release|Any CPU.ActiveCfg = Release|Any CPU
		{B4FDAFE8-CB2A-49D6-8197-BDA33639933E}.Release|Any CPU.Build.0 = Release|Any CPU
	EndGlobalSection
	GlobalSection(SolutionProperties) = preSolution
		HideSolutionNode = FALSE
	EndGlobalSection
	GlobalSection(ExtensibilityGlobals) = postSolution
		SolutionGuid = {4525D9C2-1AA1-47B1-8A16-3651C194144F}
	EndGlobalSection
EndGlobal
